
Microsoft Visual Studio Solution File, Format Version 12.00
# Visual Studio Version 17
VisualStudioVersion = 17.11.34929.205
MinimumVisualStudioVersion = 10.0.40219.1
Project("{9A19103F-16F7-4668-BE54-9A1E7A4F7556}") = "MyPage", "MyPage\MyPage.csproj", "{71CE9E0F-EF4C-4013-BDCE-E8553D3BDA3D}"
EndProject
Global
	GlobalSection(SolutionConfigurationPlatforms) = preSolution
		Debug|Any CPU = Debug|Any CPU
		Release|Any CPU = Release|Any CPU
	EndGlobalSection
	GlobalSection(ProjectConfigurationPlatforms) = postSolution
		{71CE9E0F-EF4C-4013-BDCE-E8553D3BDA3D}.Debug|Any CPU.ActiveCfg = Debug|Any CPU
		{71CE9E0F-EF4C-4013-BDCE-E8553D3BDA3D}.Debug|Any CPU.Build.0 = Debug|Any CPU
		{71CE9E0F-EF4C-4013-BDCE-E8553D3BDA3D}.Release|Any CPU.ActiveCfg = Release|Any CPU
		{71CE9E0F-EF4C-4013-BDCE-E8553D3BDA3D}.Release|Any CPU.Build.0 = Release|Any CPU
	EndGlobalSection
	GlobalSection(SolutionProperties) = preSolution
		HideSolutionNode = FALSE
	EndGlobalSection
	GlobalSection(ExtensibilityGlobals) = postSolution
		SolutionGuid = {35745073-592A-4019-8598-F8886EF64C2F}
	EndGlobalSection
EndGlobal
